
Microsoft Visual Studio Solution File, Format Version 12.00
# Visual Studio Version 17
VisualStudioVersion = 17.6.33801.468
MinimumVisualStudioVersion = 10.0.40219.1
Project("{FAE04EC0-301F-11D3-BF4B-00C04F79EFBC}") = "MyApp", "MyApp\MyApp.csproj", "{F98829EF-9EB1-4588-A026-FF073489E73C}"
EndProject
Global
	GlobalSection(SolutionConfigurationPlatforms) = preSolution
		Debug|Any CPU = Debug|Any CPU
		Release|Any CPU = Release|Any CPU
	EndGlobalSection
	GlobalSection(ProjectConfigurationPlatforms) = postSolution
		{F98829EF-9EB1-4588-A026-FF073489E73C}.Debug|Any CPU.ActiveCfg = Debug|Any CPU
		{F98829EF-9EB1-4588-A026-FF073489E73C}.Debug|Any CPU.Build.0 = Debug|Any CPU
		{F98829EF-9EB1-4588-A026-FF073489E73C}.Release|Any CPU.ActiveCfg = Release|Any CPU
		{F98829EF-9EB1-4588-A026-FF073489E73C}.Release|Any CPU.Build.0 = Release|Any CPU
	EndGlobalSection
	GlobalSection(SolutionProperties) = preSolution
		HideSolutionNode = FALSE
	EndGlobalSection
	GlobalSection(ExtensibilityGlobals) = postSolution
		SolutionGuid = {1BBE9078-3C1B-482F-897E-F1AECB8BDB2A}
	EndGlobalSection
EndGlobal
